
Microsoft Visual Studio Solution File, Format Version 12.00
# Visual Studio 2012
Project("{FAE04EC0-301F-11D3-BF4B-00C04F79EFBC}") = "StudentsMarks", "StudentsMarks\StudentsMarks.csproj", "{9E01EA44-11DE-4F67-BE2C-14E832FD901B}"
EndProject
Global
	GlobalSection(SolutionConfigurationPlatforms) = preSolution
		Debug|Any CPU = Debug|Any CPU
		Release|Any CPU = Release|Any CPU
	EndGlobalSection
	GlobalSection(ProjectConfigurationPlatforms) = postSolution
		{9E01EA44-11DE-4F67-BE2C-14E832FD901B}.Debug|Any CPU.ActiveCfg = Debug|Any CPU
		{9E01EA44-11DE-4F67-BE2C-14E832FD901B}.Debug|Any CPU.Build.0 = Debug|Any CPU
		{9E01EA44-11DE-4F67-BE2C-14E832FD901B}.Release|Any CPU.ActiveCfg = Release|Any CPU
		{9E01EA44-11DE-4F67-BE2C-14E832FD901B}.Release|Any CPU.Build.0 = Release|Any CPU
	EndGlobalSection
EndGlobal
